
Microsoft Visual Studio Solution File, Format Version 12.00
# Visual Studio Version 17
VisualStudioVersion = 17.14.37531.7
MinimumVisualStudioVersion = 10.0.40219.1
Project("{FAE04EC0-301F-11D3-BF4B-00C04F79EFBC}") = "MainServer", "MainServer\MainServer.csproj", "{A5C854B4-5E89-4ACE-A512-87BF9CEB5F66}"
EndProject
Project("{FAE04EC0-301F-11D3-BF4B-00C04F79EFBC}") = "Shared", "Shared\Shared.csproj", "{625DF205-330C-4EF5-8885-FFDDA754AD9F}"
EndProject
Project("{FAE04EC0-301F-11D3-BF4B-00C04F79EFBC}") = "GameServer", "GameServer\GameServer.csproj", "{F22E001F-0CF9-4785-AAF6-BAD90EF64DB1}"
EndProject
Global
	GlobalSection(SolutionConfigurationPlatforms) = preSolution
		Debug|Any CPU = Debug|Any CPU
		Debug|x64 = Debug|x64
		Debug|x86 = Debug|x86
		Release|Any CPU = Release|Any CPU
		Release|x64 = Release|x64
		Release|x86 = Release|x86
	EndGlobalSection
	GlobalSection(ProjectConfigurationPlatforms) = postSolution
		{A5C854B4-5E89-4ACE-A512-87BF9CEB5F66}.Debug|Any CPU.ActiveCfg = Debug|Any CPU
		{A5C854B4-5E89-4ACE-A512-87BF9CEB5F66}.Debug|Any CPU.Build.0 = Debug|Any CPU
		{A5C854B4-5E89-4ACE-A512-87BF9CEB5F66}.Debug|x64.ActiveCfg = Debug|Any CPU
		{A5C854B4-5E89-4ACE-A512-87BF9CEB5F66}.Debug|x64.Build.0 = Debug|Any CPU
		{A5C854B4-5E89-4ACE-A512-87BF9CEB5F66}.Debug|x86.ActiveCfg = Debug|Any CPU
		{A5C854B4-5E89-4ACE-A512-87BF9CEB5F66}.Debug|x86.Build.0 = Debug|Any CPU
		{A5C854B4-5E89-4ACE-A512-87BF9CEB5F66}.Release|Any CPU.ActiveCfg = Release|Any CPU
		{A5C854B4-5E89-4ACE-A512-87BF9CEB5F66}.Release|Any CPU.Build.0 = Release|Any CPU
		{A5C854B4-5E89-4ACE-A512-87BF9CEB5F66}.Release|x64.ActiveCfg = Release|Any CPU
		{A5C854B4-5E89-4ACE-A512-87BF9CEB5F66}.Release|x64.Build.0 = Release|Any CPU
		{A5C854B4-5E89-4ACE-A512-87BF9CEB5F66}.Release|x86.ActiveCfg = Release|Any CPU
		{A5C854B4-5E89-4ACE-A512-87BF9CEB5F66}.Release|x86.Build.0 = Release|Any CPU
		{625DF205-330C-4EF5-8885-FFDDA754AD9F}.Debug|Any CPU.ActiveCfg = Debug|Any CPU
		{625DF205-330C-4EF5-8885-FFDDA754AD9F}.Debug|Any CPU.Build.0 = Debug|Any CPU
		{625DF205-330C-4EF5-8885-FFDDA754AD9F}.Debug|x64.ActiveCfg = Debug|Any CPU
		{625DF205-330C-4EF5-8885-FFDDA754AD9F}.Debug|x64.Build.0 = Debug|Any CPU
		{625DF205-330C-4EF5-8885-FFDDA754AD9F}.Debug|x86.ActiveCfg = Debug|Any CPU
		{625DF205-330C-4EF5-8885-FFDDA754AD9F}.Debug|x86.Build.0 = Debug|Any CPU
		{625DF205-330C-4EF5-8885-FFDDA754AD9F}.Release|Any CPU.ActiveCfg = Release|Any CPU
		{625DF205-330C-4EF5-8885-FFDDA754AD9F}.Release|Any CPU.Build.0 = Release|Any CPU
		{625DF205-330C-4EF5-8885-FFDDA754AD9F}.Release|x64.ActiveCfg = Release|Any CPU
		{625DF205-330C-4EF5-8885-FFDDA754AD9F}.Release|x64.Build.0 = Release|Any CPU
		{625DF205-330C-4EF5-8885-FFDDA754AD9F}.Release|x86.ActiveCfg = Release|Any CPU
		{625DF205-330C-4EF5-8885-FFDDA754AD9F}.Release|x86.Build.0 = Release|Any CPU
		{F22E001F-0CF9-4785-AAF6-BAD90EF64DB1}.Debug|Any CPU.ActiveCfg = Debug|Any CPU
		{F22E001F-0CF9-4785-AAF6-BAD90EF64DB1}.Debug|Any CPU.Build.0 = Debug|Any CPU
		{F22E001F-0CF9-4785-AAF6-BAD90EF64DB1}.Debug|x64.ActiveCfg = Debug|Any CPU
		{F22E001F-0CF9-4785-AAF6-BAD90EF64DB1}.Debug|x64.Build.0 = Debug|Any CPU
		{F22E001F-0CF9-4785-AAF6-BAD90EF64DB1}.Debug|x86.ActiveCfg = Debug|Any CPU
		{F22E001F-0CF9-4785-AAF6-BAD90EF64DB1}.Debug|x86.Build.0 = Debug|Any CPU
		{F22E001F-0CF9-4785-AAF6-BAD90EF64DB1}.Release|Any CPU.ActiveCfg = Release|Any CPU
		{F22E001F-0CF9-4785-AAF6-BAD90EF64DB1}.Release|Any CPU.Build.0 = Release|Any CPU
		{F22E001F-0CF9-4785-AAF6-BAD90EF64DB1}.Release|x64.ActiveCfg = Release|Any CPU
		{F22E001F-0CF9-4785-AAF6-BAD90EF64DB1}.Release|x64.Build.0 = Release|Any CPU
		{F22E001F-0CF9-4785-AAF6-BAD90EF64DB1}.Release|x86.ActiveCfg = Release|Any CPU
		{F22E001F-0CF9-4785-AAF6-BAD90EF64DB1}.Release|x86.Build.0 = Release|Any CPU
	EndGlobalSection
	GlobalSection(SolutionProperties) = preSolution
		HideSolutionNode = FALSE
	EndGlobalSection
	GlobalSection(ExtensibilityGlobals) = postSolution
		SolutionGuid = {31A59568-65D6-4628-AE04-84C06FE7082E}
	EndGlobalSection
EndGlobal
